
Microsoft Visual Studio Solution File, Format Version 12.00
# Visual Studio Version 17
VisualStudioVersion = 17.2.32616.157
MinimumVisualStudioVersion = 10.0.40219.1
Project("{FAE04EC0-301F-11D3-BF4B-00C04F79EFBC}") = "AreaOfACircle", "AreaOfACircle\AreaOfACircle.csproj", "{0005F3FE-D453-4860-84F8-8ECAAF5C0617}"
EndProject
Global
	GlobalSection(SolutionConfigurationPlatforms) = preSolution
		Debug|Any CPU = Debug|Any CPU
		Release|Any CPU = Release|Any CPU
	EndGlobalSection
	GlobalSection(ProjectConfigurationPlatforms) = postSolution
		{0005F3FE-D453-4860-84F8-8ECAAF5C0617}.Debug|Any CPU.ActiveCfg = Debug|Any CPU
		{0005F3FE-D453-4860-84F8-8ECAAF5C0617}.Debug|Any CPU.Build.0 = Debug|Any CPU
		{0005F3FE-D453-4860-84F8-8ECAAF5C0617}.Release|Any CPU.ActiveCfg = Release|Any CPU
		{0005F3FE-D453-4860-84F8-8ECAAF5C0617}.Release|Any CPU.Build.0 = Release|Any CPU
	EndGlobalSection
	GlobalSection(SolutionProperties) = preSolution
		HideSolutionNode = FALSE
	EndGlobalSection
	GlobalSection(ExtensibilityGlobals) = postSolution
		SolutionGuid = {D888F290-4E5D-4962-A9F7-47F52F566516}
	EndGlobalSection
EndGlobal
